// !$*UTF8*$!
{
	archiveVersion = 1;
	classes = {
	};
	objectVersion = 56;
	objects = {

/* Begin PBXBuildFile section */
		2C425567299BDA88004F9D28 /* Model.swift in Sources */ = {isa = PBXBuildFile; fileRef = 2C425566299BDA88004F9D28 /* Model.swift */; };
		2CB413FA2959D71D009B0D13 /* YoutubeListApp.swift in Sources */ = {isa = PBXBuildFile; fileRef = 2CB413F92959D71D009B0D13 /* YoutubeListApp.swift */; };
		2CB413FC2959D71D009B0D13 /* MainView.swift in Sources */ = {isa = PBXBuildFile; fileRef = 2CB413FB2959D71D009B0D13 /* MainView.swift */; };
		2CB413FE2959D71F009B0D13 /* Assets.xcassets in Resources */ = {isa = PBXBuildFile; fileRef = 2CB413FD2959D71F009B0D13 /* Assets.xcassets */; };
		2CB414012959D71F009B0D13 /* Preview Assets.xcassets in Resources */ = {isa = PBXBuildFile; fileRef = 2CB414002959D71F009B0D13 /* Preview Assets.xcassets */; };
		2CB414082959D7E4009B0D13 /* Video.swift in Sources */ = {isa = PBXBuildFile; fileRef = 2CB414072959D7E4009B0D13 /* Video.swift */; };
		2CB4140A2959D804009B0D13 /* SecondView.swift in Sources */ = {isa = PBXBuildFile; fileRef = 2CB414092959D804009B0D13 /* SecondView.swift */; };
		2CB4140C2959D829009B0D13 /* SecondViewLink.swift in Sources */ = {isa = PBXBuildFile; fileRef = 2CB4140B2959D829009B0D13 /* SecondViewLink.swift */; };
/* End PBXBuildFile section */

/* Begin PBXFileReference section */
		2C425566299BDA88004F9D28 /* Model.swift */ = {isa = PBXFileReference; lastKnownFileType = sourcecode.swift; path = Model.swift; sourceTree = "<group>"; };
		2C425568299BDB70004F9D28 /* Info.plist */ = {isa = PBXFileReference; lastKnownFileType = text.plist; path = Info.plist; sourceTree = "<group>"; };
		2CB413F62959D71D009B0D13 /* YoutubeList.app */ = {isa = PBXFileReference; explicitFileType = wrapper.application; includeInIndex = 0; path = YoutubeList.app; sourceTree = BUILT_PRODUCTS_DIR; };
		2CB413F92959D71D009B0D13 /* YoutubeListApp.swift */ = {isa = PBXFileReference; lastKnownFileType = sourcecode.swift; path = YoutubeListApp.swift; sourceTree = "<group>"; };
		2CB413FB2959D71D009B0D13 /* MainView.swift */ = {isa = PBXFileReference; lastKnownFileType = sourcecode.swift; path = MainView.swift; sourceTree = "<group>"; };
		2CB413FD2959D71F009B0D13 /* Assets.xcassets */ = {isa = PBXFileReference; lastKnownFileType = folder.assetcatalog; path = Assets.xcassets; sourceTree = "<group>"; };
		2CB414002959D71F009B0D13 /* Preview Assets.xcassets */ = {isa = PBXFileReference; lastKnownFileType = folder.assetcatalog; path = "Preview Assets.xcassets"; sourceTree = "<group>"; };
		2CB414072959D7E4009B0D13 /* Video.swift */ = {isa = PBXFileReference; lastKnownFileType = sourcecode.swift; path = Video.swift; sourceTree = "<group>"; };
		2CB414092959D804009B0D13 /* SecondView.swift */ = {isa = PBXFileReference; lastKnownFileType = sourcecode.swift; path = SecondView.swift; sourceTree = "<group>"; };
		2CB4140B2959D829009B0D13 /* SecondViewLink.swift */ = {isa = PBXFileReference; lastKnownFileType = sourcecode.swift; path = SecondViewLink.swift; sourceTree = "<group>"; };
/* End PBXFileReference section */

/* Begin PBXFrameworksBuildPhase section */
		2CB413F32959D71D009B0D13 /* Frameworks */ = {
			isa = PBXFrameworksBuildPhase;
			buildActionMask = 2147483647;
			files = (
			);
			runOnlyForDeploymentPostprocessing = 0;
		};
/* End PBXFrameworksBuildPhase section */

/* Begin PBXGroup section */
		2C425565299BDA42004F9D28 /* Components */ = {
			isa = PBXGroup;
			children = (
				2CB414072959D7E4009B0D13 /* Video.swift */,
				2CB4140B2959D829009B0D13 /* SecondViewLink.swift */,
			);
			path = Components;
			sourceTree = "<group>";
		};
		2C425569299BDBB2004F9D28 /* View */ = {
			isa = PBXGroup;
			children = (
				2CB413FB2959D71D009B0D13 /* MainView.swift */,
				2CB414092959D804009B0D13 /* SecondView.swift */,
			);
			path = View;
			sourceTree = "<group>";
		};
		2C42556A299BDBD6004F9D28 /* Model */ = {
			isa = PBXGroup;
			children = (
				2C425566299BDA88004F9D28 /* Model.swift */,
			);
			path = Model;
			sourceTree = "<group>";
		};
		2CB413ED2959D71D009B0D13 = {
			isa = PBXGroup;
			children = (
				2CB413F82959D71D009B0D13 /* YoutubeList */,
				2CB413F72959D71D009B0D13 /* Products */,
			);
			sourceTree = "<group>";
		};
		2CB413F72959D71D009B0D13 /* Products */ = {
			isa = PBXGroup;
			children = (
				2CB413F62959D71D009B0D13 /* YoutubeList.app */,
			);
			name = Products;
			sourceTree = "<group>";
		};
		2CB413F82959D71D009B0D13 /* YoutubeList */ = {
			isa = PBXGroup;
			children = (
				2CB413F92959D71D009B0D13 /* YoutubeListApp.swift */,
				2C425569299BDBB2004F9D28 /* View */,
				2C42556A299BDBD6004F9D28 /* Model */,
				2C425565299BDA42004F9D28 /* Components */,
				2CB413FF2959D71F009B0D13 /* Preview Content */,
				2CB413FD2959D71F009B0D13 /* Assets.xcassets */,
				2C425568299BDB70004F9D28 /* Info.plist */,
			);
			path = YoutubeList;
			sourceTree = "<group>";
		};
		2CB413FF2959D71F009B0D13 /* Preview Content */ = {
			isa = PBXGroup;
			children = (
				2CB414002959D71F009B0D13 /* Preview Assets.xcassets */,
			);
			path = "Preview Content";
			sourceTree = "<group>";
		};
/* End PBXGroup section */

/* Begin PBXNativeTarget section */
		2CB413F52959D71D009B0D13 /* YoutubeList */ = {
			isa = PBXNativeTarget;
			buildConfigurationList = 2CB414042959D71F009B0D13 /* Build configuration list for PBXNativeTarget "YoutubeList" */;
			buildPhases = (
				2CB413F22959D71D009B0D13 /* Sources */,
				2CB413F32959D71D009B0D13 /* Frameworks */,
				2CB413F42959D71D009B0D13 /* Resources */,
			);
			buildRules = (
			);
			dependencies = (
			);
			name = YoutubeList;
			productName = YoutubeList;
			productReference = 2CB413F62959D71D009B0D13 /* YoutubeList.app */;
			productType = "com.apple.product-type.application";
		};
/* End PBXNativeTarget section */

/* Begin PBXProject section */
		2CB413EE2959D71D009B0D13 /* Project object */ = {
			isa = PBXProject;
			attributes = {
				BuildIndependentTargetsInParallel = 1;
				LastSwiftUpdateCheck = 1410;
				LastUpgradeCheck = 1410;
				TargetAttributes = {
					2CB413F52959D71D009B0D13 = {
						CreatedOnToolsVersion = 14.1;
					};
				};
			};
			buildConfigurationList = 2CB413F12959D71D009B0D13 /* Build configuration list for PBXProject "YoutubeList" */;
			compatibilityVersion = "Xcode 14.0";
			developmentRegion = en;
			hasScannedForEncodings = 0;
			knownRegions = (
				en,
				Base,
			);
			mainGroup = 2CB413ED2959D71D009B0D13;
			productRefGroup = 2CB413F72959D71D009B0D13 /* Products */;
			projectDirPath = "";
			projectRoot = "";
			targets = (
				2CB413F52959D71D009B0D13 /* YoutubeList */,
			);
		};
/* End PBXProject section */

/* Begin PBXResourcesBuildPhase section */
		2CB413F42959D71D009B0D13 /* Resources */ = {
			isa = PBXResourcesBuildPhase;
			buildActionMask = 2147483647;
			files = (
				2CB414012959D71F009B0D13 /* Preview Assets.xcassets in Resources */,
				2CB413FE2959D71F009B0D13 /* Assets.xcassets in Resources */,
			);
			runOnlyForDeploymentPostprocessing = 0;
		};
/* End PBXResourcesBuildPhase section */

/* Begin PBXSourcesBuildPhase section */
		2CB413F22959D71D009B0D13 /* Sources */ = {
			isa = PBXSourcesBuildPhase;
			buildActionMask = 2147483647;
			files = (
				2CB413FC2959D71D009B0D13 /* MainView.swift in Sources */,
				2CB414082959D7E4009B0D13 /* Video.swift in Sources */,
				2CB4140A2959D804009B0D13 /* SecondView.swift in Sources */,
				2C425567299BDA88004F9D28 /* Model.swift in Sources */,
				2CB413FA2959D71D009B0D13 /* YoutubeListApp.swift in Sources */,
				2CB4140C2959D829009B0D13 /* SecondViewLink.swift in Sources */,
			);
			runOnlyForDeploymentPostprocessing = 0;
		};
/* End PBXSourcesBuildPhase section */

/* Begin XCBuildConfiguration section */
		2CB414022959D71F009B0D13 /* Debug */ = {
			isa = XCBuildConfiguration;
			buildSettings = {
				ALWAYS_SEARCH_USER_PATHS = NO;
				CLANG_ANALYZER_NONNULL = YES;
				CLANG_ANALYZER_NUMBER_OBJECT_CONVERSION = YES_AGGRESSIVE;
				CLANG_CXX_LANGUAGE_STANDARD = "gnu++20";
				CLANG_ENABLE_MODULES = YES;
				CLANG_ENABLE_OBJC_ARC = YES;
				CLANG_ENABLE_OBJC_WEAK = YES;
				CLANG_WARN_BLOCK_CAPTURE_AUTORELEASING = YES;
				CLANG_WARN_BOOL_CONVERSION = YES;
				CLANG_WARN_COMMA = YES;
				CLANG_WARN_CONSTANT_CONVERSION = YES;
				CLANG_WARN_DEPRECATED_OBJC_IMPLEMENTATIONS = YES;
				CLANG_WARN_DIRECT_OBJC_ISA_USAGE = YES_ERROR;
				CLANG_WARN_DOCUMENTATION_COMMENTS = YES;
				CLANG_WARN_EMPTY_BODY = YES;
				CLANG_WARN_ENUM_CONVERSION = YES;
				CLANG_WARN_INFINITE_RECURSION = YES;
				CLANG_WARN_INT_CONVERSION = YES;
				CLANG_WARN_NON_LITERAL_NULL_CONVERSION = YES;
				CLANG_WARN_OBJC_IMPLICIT_RETAIN_SELF = YES;
				CLANG_WARN_OBJC_LITERAL_CONVERSION = YES;
				CLANG_WARN_OBJC_ROOT_CLASS = YES_ERROR;
				CLANG_WARN_QUOTED_INCLUDE_IN_FRAMEWORK_HEADER = YES;
				CLANG_WARN_RANGE_LOOP_ANALYSIS = YES;
				CLANG_WARN_STRICT_PROTOTYPES = YES;
				CLANG_WARN_SUSPICIOUS_MOVE = YES;
				CLANG_WARN_UNGUARDED_AVAILABILITY = YES_AGGRESSIVE;
				CLANG_WARN_UNREACHABLE_CODE = YES;
				CLANG_WARN__DUPLICATE_METHOD_MATCH = YES;
				COPY_PHASE_STRIP = NO;
				DEBUG_INFORMATION_FORMAT = dwarf;
				ENABLE_STRICT_OBJC_MSGSEND = YES;
				ENABLE_TESTABILITY = YES;
				GCC_C_LANGUAGE_STANDARD = gnu11;
				GCC_DYNAMIC_NO_PIC = NO;
				GCC_NO_COMMON_BLOCKS = YES;
				GCC_OPTIMIZATION_LEVEL = 0;
				GCC_PREPROCESSOR_DEFINITIONS = (
					"DEBUG=1",
					"$(inherited)",
				);
				GCC_WARN_64_TO_32_BIT_CONVERSION = YES;
				GCC_WARN_ABOUT_RETURN_TYPE = YES_ERROR;
				GCC_WARN_UNDECLARED_SELECTOR = YES;
				GCC_WARN_UNINITIALIZED_AUTOS = YES_AGGRESSIVE;
				GCC_WARN_UNUSED_FUNCTION = YES;
				GCC_WARN_UNUSED_VARIABLE = YES;
				IPHONEOS_DEPLOYMENT_TARGET = 16.1;
				MTL_ENABLE_DEBUG_INFO = INCLUDE_SOURCE;
				MTL_FAST_MATH = YES;
				ONLY_ACTIVE_ARCH = YES;
				SDKROOT = iphoneos;
				SWIFT_ACTIVE_COMPILATION_CONDITIONS = DEBUG;
				SWIFT_OPTIMIZATION_LEVEL = "-Onone";
			};
			name = Debug;
		};
		2CB414032959D71F009B0D13 /* Release */ = {
			isa = XCBuildConfiguration;
			buildSettings = {
				ALWAYS_SEARCH_USER_PATHS = NO;
				CLANG_ANALYZER_NONNULL = YES;
				CLANG_ANALYZER_NUMBER_OBJECT_CONVERSION = YES_AGGRESSIVE;
				CLANG_CXX_LANGUAGE_STANDARD = "gnu++20";
				CLANG_ENABLE_MODULES = YES;
				CLANG_ENABLE_OBJC_ARC = YES;
				CLANG_ENABLE_OBJC_WEAK = YES;
				CLANG_WARN_BLOCK_CAPTURE_AUTORELEASING = YES;
				CLANG_WARN_BOOL_CONVERSION = YES;
				CLANG_WARN_COMMA = YES;
				CLANG_WARN_CONSTANT_CONVERSION = YES;
				CLANG_WARN_DEPRECATED_OBJC_IMPLEMENTATIONS = YES;
				CLANG_WARN_DIRECT_OBJC_ISA_USAGE = YES_ERROR;
				CLANG_WARN_DOCUMENTATION_COMMENTS = YES;
				CLANG_WARN_EMPTY_BODY = YES;
				CLANG_WARN_ENUM_CONVERSION = YES;
				CLANG_WARN_INFINITE_RECURSION = YES;
				CLANG_WARN_INT_CONVERSION = YES;
				CLANG_WARN_NON_LITERAL_NULL_CONVERSION = YES;
				CLANG_WARN_OBJC_IMPLICIT_RETAIN_SELF = YES;
				CLANG_WARN_OBJC_LITERAL_CONVERSION = YES;
				CLANG_WARN_OBJC_ROOT_CLASS = YES_ERROR;
				CLANG_WARN_QUOTED_INCLUDE_IN_FRAMEWORK_HEADER = YES;
				CLANG_WARN_RANGE_LOOP_ANALYSIS = YES;
				CLANG_WARN_STRICT_PROTOTYPES = YES;
				CLANG_WARN_SUSPICIOUS_MOVE = YES;
				CLANG_WARN_UNGUARDED_AVAILABILITY = YES_AGGRESSIVE;
				CLANG_WARN_UNREACHABLE_CODE = YES;
				CLANG_WARN__DUPLICATE_METHOD_MATCH = YES;
				COPY_PHASE_STRIP = NO;
				DEBUG_INFORMATION_FORMAT = "dwarf-with-dsym";
				ENABLE_NS_ASSERTIONS = NO;
				ENABLE_STRICT_OBJC_MSGSEND = YES;
				GCC_C_LANGUAGE_STANDARD = gnu11;
				GCC_NO_COMMON_BLOCKS = YES;
				GCC_WARN_64_TO_32_BIT_CONVERSION = YES;
				GCC_WARN_ABOUT_RETURN_TYPE = YES_ERROR;
				GCC_WARN_UNDECLARED_SELECTOR = YES;
				GCC_WARN_UNINITIALIZED_AUTOS = YES_AGGRESSIVE;
				GCC_WARN_UNUSED_FUNCTION = YES;
				GCC_WARN_UNUSED_VARIABLE = YES;
				IPHONEOS_DEPLOYMENT_TARGET = 16.1;
				MTL_ENABLE_DEBUG_INFO = NO;
				MTL_FAST_MATH = YES;
				SDKROOT = iphoneos;
				SWIFT_COMPILATION_MODE = wholemodule;
				SWIFT_OPTIMIZATION_LEVEL = "-O";
				VALIDATE_PRODUCT = YES;
			};
			name = Release;
		};
		2CB414052959D71F009B0D13 /* Debug */ = {
			isa = XCBuildConfiguration;
			buildSettings = {
				ASSETCATALOG_COMPILER_APPICON_NAME = AppIcon;
				ASSETCATALOG_COMPILER_GLOBAL_ACCENT_COLOR_NAME = AccentColor;
				CODE_SIGN_STYLE = Automatic;
				CURRENT_PROJECT_VERSION = 1;
				DEVELOPMENT_ASSET_PATHS = "\"YoutubeList/Preview Content\"";
				ENABLE_PREVIEWS = YES;
				GENERATE_INFOPLIST_FILE = YES;
				INFOPLIST_FILE = YoutubeList/Info.plist;
				INFOPLIST_KEY_UIApplicationSupportsIndirectInputEvents = YES;
				INFOPLIST_KEY_UILaunchScreen_Generation = YES;
				INFOPLIST_KEY_UISupportedInterfaceOrientations_iPad = "UIInterfaceOrientationPortrait UIInterfaceOrientationPortraitUpsideDown UIInterfaceOrientationLandscapeLeft UIInterfaceOrientationLandscapeRight";
				INFOPLIST_KEY_UISupportedInterfaceOrientations_iPhone = "UIInterfaceOrientationPortrait UIInterfaceOrientationLandscapeLeft UIInterfaceOrientationLandscapeRight";
				LD_RUNPATH_SEARCH_PATHS = (
					"$(inherited)",
					"@executable_path/Frameworks",
				);
				MARKETING_VERSION = 1.0;
				PRODUCT_BUNDLE_IDENTIFIER = Alex.YoutubeList;
				PRODUCT_NAME = "$(TARGET_NAME)";
				SWIFT_EMIT_LOC_STRINGS = YES;
				SWIFT_VERSION = 5.0;
				TARGETED_DEVICE_FAMILY = "1,2";
			};
			name = Debug;
		};
		2CB414062959D71F009B0D13 /* Release */ = {
			isa = XCBuildConfiguration;
			buildSettings = {
				ASSETCATALOG_COMPILER_APPICON_NAME = AppIcon;
				ASSETCATALOG_COMPILER_GLOBAL_ACCENT_COLOR_NAME = AccentColor;
				CODE_SIGN_STYLE = Automatic;
				CURRENT_PROJECT_VERSION = 1;
				DEVELOPMENT_ASSET_PATHS = "\"YoutubeList/Preview Content\"";
				ENABLE_PREVIEWS = YES;
				GENERATE_INFOPLIST_FILE = YES;
				INFOPLIST_FILE = YoutubeList/Info.plist;
				INFOPLIST_KEY_UIApplicationSupportsIndirectInputEvents = YES;
				INFOPLIST_KEY_UILaunchScreen_Generation = YES;
				INFOPLIST_KEY_UISupportedInterfaceOrientations_iPad = "UIInterfaceOrientationPortrait UIInterfaceOrientationPortraitUpsideDown UIInterfaceOrientationLandscapeLeft UIInterfaceOrientationLandscapeRight";
				INFOPLIST_KEY_UISupportedInterfaceOrientations_iPhone = "UIInterfaceOrientationPortrait UIInterfaceOrientationLandscapeLeft UIInterfaceOrientationLandscapeRight";
				LD_RUNPATH_SEARCH_PATHS = (
					"$(inherited)",
					"@executable_path/Frameworks",
				);
				MARKETING_VERSION = 1.0;
				PRODUCT_BUNDLE_IDENTIFIER = Alex.YoutubeList;
				PRODUCT_NAME = "$(TARGET_NAME)";
				SWIFT_EMIT_LOC_STRINGS = YES;
				SWIFT_VERSION = 5.0;
				TARGETED_DEVICE_FAMILY = "1,2";
			};
			name = Release;
		};
/* End XCBuildConfiguration section */

/* Begin XCConfigurationList section */
		2CB413F12959D71D009B0D13 /* Build configuration list for PBXProject "YoutubeList" */ = {
			isa = XCConfigurationList;
			buildConfigurations = (
				2CB414022959D71F009B0D13 /* Debug */,
				2CB414032959D71F009B0D13 /* Release */,
			);
			defaultConfigurationIsVisible = 0;
			defaultConfigurationName = Release;
		};
		2CB414042959D71F009B0D13 /* Build configuration list for PBXNativeTarget "YoutubeList" */ = {
			isa = XCConfigurationList;
			buildConfigurations = (
				2CB414052959D71F009B0D13 /* Debug */,
				2CB414062959D71F009B0D13 /* Release */,
			);
			defaultConfigurationIsVisible = 0;
			defaultConfigurationName = Release;
		};
/* End XCConfigurationList section */
	};
	rootObject = 2CB413EE2959D71D009B0D13 /* Project object */;
}
